
Microsoft Visual Studio Solution File, Format Version 12.00
# Visual Studio Version 17
VisualStudioVersion = 17.3.32929.385
MinimumVisualStudioVersion = 10.0.40219.1
Project("{FAE04EC0-301F-11D3-BF4B-00C04F79EFBC}") = "Laboratory work 7. Custodian", "Laboratory work 7. Custodian.csproj", "{5935E574-B811-4DE0-B65A-32040142B647}"
EndProject
Global
	GlobalSection(SolutionConfigurationPlatforms) = preSolution
		Debug|Any CPU = Debug|Any CPU
		Release|Any CPU = Release|Any CPU
	EndGlobalSection
	GlobalSection(ProjectConfigurationPlatforms) = postSolution
		{5935E574-B811-4DE0-B65A-32040142B647}.Debug|Any CPU.ActiveCfg = Debug|Any CPU
		{5935E574-B811-4DE0-B65A-32040142B647}.Debug|Any CPU.Build.0 = Debug|Any CPU
		{5935E574-B811-4DE0-B65A-32040142B647}.Release|Any CPU.ActiveCfg = Release|Any CPU
		{5935E574-B811-4DE0-B65A-32040142B647}.Release|Any CPU.Build.0 = Release|Any CPU
	EndGlobalSection
	GlobalSection(SolutionProperties) = preSolution
		HideSolutionNode = FALSE
	EndGlobalSection
	GlobalSection(ExtensibilityGlobals) = postSolution
		SolutionGuid = {5C863260-7779-4047-A0B7-597D2D57E70C}
	EndGlobalSection
EndGlobal
